// !$*UTF8*$!
{
	archiveVersion = 1;
	classes = {
	};
	objectVersion = 46;
	objects = {

/* Begin PBXBuildFile section */
		8B7040791CB4EAB80090EA42 /* PerkWalkThrough.bundle in Resources */ = {isa = PBXBuildFile; fileRef = 8B7040781CB4EAB80090EA42 /* PerkWalkThrough.bundle */; };
		8B960CCB1CB382330046D7C7 /* main.m in Sources */ = {isa = PBXBuildFile; fileRef = 8B960CCA1CB382330046D7C7 /* main.m */; };
		8B960CCE1CB382330046D7C7 /* AppDelegate.m in Sources */ = {isa = PBXBuildFile; fileRef = 8B960CCD1CB382330046D7C7 /* AppDelegate.m */; };
		8B960CD11CB382330046D7C7 /* ViewController.m in Sources */ = {isa = PBXBuildFile; fileRef = 8B960CD01CB382330046D7C7 /* ViewController.m */; };
		8B960CD41CB382330046D7C7 /* Main.storyboard in Resources */ = {isa = PBXBuildFile; fileRef = 8B960CD21CB382330046D7C7 /* Main.storyboard */; };
		8B960CD61CB382330046D7C7 /* Assets.xcassets in Resources */ = {isa = PBXBuildFile; fileRef = 8B960CD51CB382330046D7C7 /* Assets.xcassets */; };
		8B960CD91CB382330046D7C7 /* LaunchScreen.storyboard in Resources */ = {isa = PBXBuildFile; fileRef = 8B960CD71CB382330046D7C7 /* LaunchScreen.storyboard */; };
		8B960CE41CB382330046D7C7 /* perkwalkthroughTests.m in Sources */ = {isa = PBXBuildFile; fileRef = 8B960CE31CB382330046D7C7 /* perkwalkthroughTests.m */; };
		8B960CEF1CB382330046D7C7 /* perkwalkthroughUITests.m in Sources */ = {isa = PBXBuildFile; fileRef = 8B960CEE1CB382330046D7C7 /* perkwalkthroughUITests.m */; };
		8B960CFF1CB3E0580046D7C7 /* PerkWalkThrough.m in Sources */ = {isa = PBXBuildFile; fileRef = 8B960CFE1CB3E0580046D7C7 /* PerkWalkThrough.m */; };
		FE070F4C9BFD7B190232D17B /* libPods-perkwalkthrough.a in Frameworks */ = {isa = PBXBuildFile; fileRef = CBAF60ACA1EC808B5E50C319 /* libPods-perkwalkthrough.a */; };
/* End PBXBuildFile section */

/* Begin PBXContainerItemProxy section */
		8B960CE01CB382330046D7C7 /* PBXContainerItemProxy */ = {
			isa = PBXContainerItemProxy;
			containerPortal = 8B960CBE1CB382330046D7C7 /* Project object */;
			proxyType = 1;
			remoteGlobalIDString = 8B960CC51CB382330046D7C7;
			remoteInfo = perkwalkthrough;
		};
		8B960CEB1CB382330046D7C7 /* PBXContainerItemProxy */ = {
			isa = PBXContainerItemProxy;
			containerPortal = 8B960CBE1CB382330046D7C7 /* Project object */;
			proxyType = 1;
			remoteGlobalIDString = 8B960CC51CB382330046D7C7;
			remoteInfo = perkwalkthrough;
		};
/* End PBXContainerItemProxy section */

/* Begin PBXFileReference section */
		25B373CAE0AA6DD3B3A71454 /* Pods-perkwalkthrough.release.xcconfig */ = {isa = PBXFileReference; includeInIndex = 1; lastKnownFileType = text.xcconfig; name = "Pods-perkwalkthrough.release.xcconfig"; path = "Pods/Target Support Files/Pods-perkwalkthrough/Pods-perkwalkthrough.release.xcconfig"; sourceTree = "<group>"; };
		8B7040781CB4EAB80090EA42 /* PerkWalkThrough.bundle */ = {isa = PBXFileReference; lastKnownFileType = "wrapper.plug-in"; path = PerkWalkThrough.bundle; sourceTree = "<group>"; };
		8B960CC61CB382330046D7C7 /* perkwalkthrough.app */ = {isa = PBXFileReference; explicitFileType = wrapper.application; includeInIndex = 0; path = perkwalkthrough.app; sourceTree = BUILT_PRODUCTS_DIR; };
		8B960CCA1CB382330046D7C7 /* main.m */ = {isa = PBXFileReference; lastKnownFileType = sourcecode.c.objc; path = main.m; sourceTree = "<group>"; };
		8B960CCC1CB382330046D7C7 /* AppDelegate.h */ = {isa = PBXFileReference; lastKnownFileType = sourcecode.c.h; path = AppDelegate.h; sourceTree = "<group>"; };
		8B960CCD1CB382330046D7C7 /* AppDelegate.m */ = {isa = PBXFileReference; lastKnownFileType = sourcecode.c.objc; path = AppDelegate.m; sourceTree = "<group>"; };
		8B960CCF1CB382330046D7C7 /* ViewController.h */ = {isa = PBXFileReference; lastKnownFileType = sourcecode.c.h; path = ViewController.h; sourceTree = "<group>"; };
		8B960CD01CB382330046D7C7 /* ViewController.m */ = {isa = PBXFileReference; lastKnownFileType = sourcecode.c.objc; path = ViewController.m; sourceTree = "<group>"; };
		8B960CD31CB382330046D7C7 /* Base */ = {isa = PBXFileReference; lastKnownFileType = file.storyboard; name = Base; path = Base.lproj/Main.storyboard; sourceTree = "<group>"; };
		8B960CD51CB382330046D7C7 /* Assets.xcassets */ = {isa = PBXFileReference; lastKnownFileType = folder.assetcatalog; path = Assets.xcassets; sourceTree = "<group>"; };
		8B960CD81CB382330046D7C7 /* Base */ = {isa = PBXFileReference; lastKnownFileType = file.storyboard; name = Base; path = Base.lproj/LaunchScreen.storyboard; sourceTree = "<group>"; };
		8B960CDA1CB382330046D7C7 /* Info.plist */ = {isa = PBXFileReference; lastKnownFileType = text.plist.xml; path = Info.plist; sourceTree = "<group>"; };
		8B960CDF1CB382330046D7C7 /* perkwalkthroughTests.xctest */ = {isa = PBXFileReference; explicitFileType = wrapper.cfbundle; includeInIndex = 0; path = perkwalkthroughTests.xctest; sourceTree = BUILT_PRODUCTS_DIR; };
		8B960CE31CB382330046D7C7 /* perkwalkthroughTests.m */ = {isa = PBXFileReference; lastKnownFileType = sourcecode.c.objc; path = perkwalkthroughTests.m; sourceTree = "<group>"; };
		8B960CE51CB382330046D7C7 /* Info.plist */ = {isa = PBXFileReference; lastKnownFileType = text.plist.xml; path = Info.plist; sourceTree = "<group>"; };
		8B960CEA1CB382330046D7C7 /* perkwalkthroughUITests.xctest */ = {isa = PBXFileReference; explicitFileType = wrapper.cfbundle; includeInIndex = 0; path = perkwalkthroughUITests.xctest; sourceTree = BUILT_PRODUCTS_DIR; };
		8B960CEE1CB382330046D7C7 /* perkwalkthroughUITests.m */ = {isa = PBXFileReference; lastKnownFileType = sourcecode.c.objc; path = perkwalkthroughUITests.m; sourceTree = "<group>"; };
		8B960CF01CB382330046D7C7 /* Info.plist */ = {isa = PBXFileReference; lastKnownFileType = text.plist.xml; path = Info.plist; sourceTree = "<group>"; };
		8B960CFD1CB3E0580046D7C7 /* PerkWalkThrough.h */ = {isa = PBXFileReference; fileEncoding = 4; lastKnownFileType = sourcecode.c.h; path = PerkWalkThrough.h; sourceTree = "<group>"; };
		8B960CFE1CB3E0580046D7C7 /* PerkWalkThrough.m */ = {isa = PBXFileReference; fileEncoding = 4; lastKnownFileType = sourcecode.c.objc; path = PerkWalkThrough.m; sourceTree = "<group>"; };
		A3432DF40B7199B7A881C50C /* Pods-perkwalkthrough.debug.xcconfig */ = {isa = PBXFileReference; includeInIndex = 1; lastKnownFileType = text.xcconfig; name = "Pods-perkwalkthrough.debug.xcconfig"; path = "Pods/Target Support Files/Pods-perkwalkthrough/Pods-perkwalkthrough.debug.xcconfig"; sourceTree = "<group>"; };
		CBAF60ACA1EC808B5E50C319 /* libPods-perkwalkthrough.a */ = {isa = PBXFileReference; explicitFileType = archive.ar; includeInIndex = 0; path = "libPods-perkwalkthrough.a"; sourceTree = BUILT_PRODUCTS_DIR; };
/* End PBXFileReference section */

/* Begin PBXFrameworksBuildPhase section */
		8B960CC31CB382330046D7C7 /* Frameworks */ = {
			isa = PBXFrameworksBuildPhase;
			buildActionMask = 2147483647;
			files = (
				FE070F4C9BFD7B190232D17B /* libPods-perkwalkthrough.a in Frameworks */,
			);
			runOnlyForDeploymentPostprocessing = 0;
		};
		8B960CDC1CB382330046D7C7 /* Frameworks */ = {
			isa = PBXFrameworksBuildPhase;
			buildActionMask = 2147483647;
			files = (
			);
			runOnlyForDeploymentPostprocessing = 0;
		};
		8B960CE71CB382330046D7C7 /* Frameworks */ = {
			isa = PBXFrameworksBuildPhase;
			buildActionMask = 2147483647;
			files = (
			);
			runOnlyForDeploymentPostprocessing = 0;
		};
/* End PBXFrameworksBuildPhase section */

/* Begin PBXGroup section */
		8B960CBD1CB382330046D7C7 = {
			isa = PBXGroup;
			children = (
				8B960CC81CB382330046D7C7 /* perkwalkthrough */,
				8B960CE21CB382330046D7C7 /* perkwalkthroughTests */,
				8B960CED1CB382330046D7C7 /* perkwalkthroughUITests */,
				8B960CC71CB382330046D7C7 /* Products */,
				A7A5AC697D82BF7D5135E37A /* Pods */,
				B74E0277F782BF7658A728D3 /* Frameworks */,
			);
			sourceTree = "<group>";
		};
		8B960CC71CB382330046D7C7 /* Products */ = {
			isa = PBXGroup;
			children = (
				8B960CC61CB382330046D7C7 /* perkwalkthrough.app */,
				8B960CDF1CB382330046D7C7 /* perkwalkthroughTests.xctest */,
				8B960CEA1CB382330046D7C7 /* perkwalkthroughUITests.xctest */,
			);
			name = Products;
			sourceTree = "<group>";
		};
		8B960CC81CB382330046D7C7 /* perkwalkthrough */ = {
			isa = PBXGroup;
			children = (
				8B960CFC1CB3DFA20046D7C7 /* PerkWalkthrough */,
				8B960CCC1CB382330046D7C7 /* AppDelegate.h */,
				8B960CCD1CB382330046D7C7 /* AppDelegate.m */,
				8B960CCF1CB382330046D7C7 /* ViewController.h */,
				8B960CD01CB382330046D7C7 /* ViewController.m */,
				8B960CD21CB382330046D7C7 /* Main.storyboard */,
				8B960CD51CB382330046D7C7 /* Assets.xcassets */,
				8B960CD71CB382330046D7C7 /* LaunchScreen.storyboard */,
				8B960CDA1CB382330046D7C7 /* Info.plist */,
				8B960CC91CB382330046D7C7 /* Supporting Files */,
			);
			path = perkwalkthrough;
			sourceTree = "<group>";
		};
		8B960CC91CB382330046D7C7 /* Supporting Files */ = {
			isa = PBXGroup;
			children = (
				8B960CCA1CB382330046D7C7 /* main.m */,
			);
			name = "Supporting Files";
			sourceTree = "<group>";
		};
		8B960CE21CB382330046D7C7 /* perkwalkthroughTests */ = {
			isa = PBXGroup;
			children = (
				8B960CE31CB382330046D7C7 /* perkwalkthroughTests.m */,
				8B960CE51CB382330046D7C7 /* Info.plist */,
			);
			path = perkwalkthroughTests;
			sourceTree = "<group>";
		};
		8B960CED1CB382330046D7C7 /* perkwalkthroughUITests */ = {
			isa = PBXGroup;
			children = (
				8B960CEE1CB382330046D7C7 /* perkwalkthroughUITests.m */,
				8B960CF01CB382330046D7C7 /* Info.plist */,
			);
			path = perkwalkthroughUITests;
			sourceTree = "<group>";
		};
		8B960CFC1CB3DFA20046D7C7 /* PerkWalkthrough */ = {
			isa = PBXGroup;
			children = (
				8B7040781CB4EAB80090EA42 /* PerkWalkThrough.bundle */,
				8B960CFD1CB3E0580046D7C7 /* PerkWalkThrough.h */,
				8B960CFE1CB3E0580046D7C7 /* PerkWalkThrough.m */,
			);
			path = PerkWalkthrough;
			sourceTree = "<group>";
		};
		A7A5AC697D82BF7D5135E37A /* Pods */ = {
			isa = PBXGroup;
			children = (
				A3432DF40B7199B7A881C50C /* Pods-perkwalkthrough.debug.xcconfig */,
				25B373CAE0AA6DD3B3A71454 /* Pods-perkwalkthrough.release.xcconfig */,
			);
			name = Pods;
			sourceTree = "<group>";
		};
		B74E0277F782BF7658A728D3 /* Frameworks */ = {
			isa = PBXGroup;
			children = (
				CBAF60ACA1EC808B5E50C319 /* libPods-perkwalkthrough.a */,
			);
			name = Frameworks;
			sourceTree = "<group>";
		};
/* End PBXGroup section */

/* Begin PBXNativeTarget section */
		8B960CC51CB382330046D7C7 /* perkwalkthrough */ = {
			isa = PBXNativeTarget;
			buildConfigurationList = 8B960CF31CB382330046D7C7 /* Build configuration list for PBXNativeTarget "perkwalkthrough" */;
			buildPhases = (
				2F873EF4CAFCA20DCD9EC7C5 /* Check Pods Manifest.lock */,
				8B960CC21CB382330046D7C7 /* Sources */,
				8B960CC31CB382330046D7C7 /* Frameworks */,
				8B960CC41CB382330046D7C7 /* Resources */,
				D406E1BBD0FB636A81FAB5A3 /* Embed Pods Frameworks */,
				AA9533D2DF7F7DB2CEC4DAB4 /* Copy Pods Resources */,
			);
			buildRules = (
			);
			dependencies = (
			);
			name = perkwalkthrough;
			productName = perkwalkthrough;
			productReference = 8B960CC61CB382330046D7C7 /* perkwalkthrough.app */;
			productType = "com.apple.product-type.application";
		};
		8B960CDE1CB382330046D7C7 /* perkwalkthroughTests */ = {
			isa = PBXNativeTarget;
			buildConfigurationList = 8B960CF61CB382330046D7C7 /* Build configuration list for PBXNativeTarget "perkwalkthroughTests" */;
			buildPhases = (
				8B960CDB1CB382330046D7C7 /* Sources */,
				8B960CDC1CB382330046D7C7 /* Frameworks */,
				8B960CDD1CB382330046D7C7 /* Resources */,
			);
			buildRules = (
			);
			dependencies = (
				8B960CE11CB382330046D7C7 /* PBXTargetDependency */,
			);
			name = perkwalkthroughTests;
			productName = perkwalkthroughTests;
			productReference = 8B960CDF1CB382330046D7C7 /* perkwalkthroughTests.xctest */;
			productType = "com.apple.product-type.bundle.unit-test";
		};
		8B960CE91CB382330046D7C7 /* perkwalkthroughUITests */ = {
			isa = PBXNativeTarget;
			buildConfigurationList = 8B960CF91CB382330046D7C7 /* Build configuration list for PBXNativeTarget "perkwalkthroughUITests" */;
			buildPhases = (
				8B960CE61CB382330046D7C7 /* Sources */,
				8B960CE71CB382330046D7C7 /* Frameworks */,
				8B960CE81CB382330046D7C7 /* Resources */,
			);
			buildRules = (
			);
			dependencies = (
				8B960CEC1CB382330046D7C7 /* PBXTargetDependency */,
			);
			name = perkwalkthroughUITests;
			productName = perkwalkthroughUITests;
			productReference = 8B960CEA1CB382330046D7C7 /* perkwalkthroughUITests.xctest */;
			productType = "com.apple.product-type.bundle.ui-testing";
		};
/* End PBXNativeTarget section */

/* Begin PBXProject section */
		8B960CBE1CB382330046D7C7 /* Project object */ = {
			isa = PBXProject;
			attributes = {
				LastUpgradeCheck = 0730;
				ORGANIZATIONNAME = womistudios;
				TargetAttributes = {
					8B960CC51CB382330046D7C7 = {
						CreatedOnToolsVersion = 7.3;
						DevelopmentTeam = Q6EZAUDYBB;
					};
					8B960CDE1CB382330046D7C7 = {
						CreatedOnToolsVersion = 7.3;
						TestTargetID = 8B960CC51CB382330046D7C7;
					};
					8B960CE91CB382330046D7C7 = {
						CreatedOnToolsVersion = 7.3;
						TestTargetID = 8B960CC51CB382330046D7C7;
					};
				};
			};
			buildConfigurationList = 8B960CC11CB382330046D7C7 /* Build configuration list for PBXProject "perkwalkthrough" */;
			compatibilityVersion = "Xcode 3.2";
			developmentRegion = English;
			hasScannedForEncodings = 0;
			knownRegions = (
				en,
				Base,
			);
			mainGroup = 8B960CBD1CB382330046D7C7;
			productRefGroup = 8B960CC71CB382330046D7C7 /* Products */;
			projectDirPath = "";
			projectRoot = "";
			targets = (
				8B960CC51CB382330046D7C7 /* perkwalkthrough */,
				8B960CDE1CB382330046D7C7 /* perkwalkthroughTests */,
				8B960CE91CB382330046D7C7 /* perkwalkthroughUITests */,
			);
		};
/* End PBXProject section */

/* Begin PBXResourcesBuildPhase section */
		8B960CC41CB382330046D7C7 /* Resources */ = {
			isa = PBXResourcesBuildPhase;
			buildActionMask = 2147483647;
			files = (
				8B7040791CB4EAB80090EA42 /* PerkWalkThrough.bundle in Resources */,
				8B960CD91CB382330046D7C7 /* LaunchScreen.storyboard in Resources */,
				8B960CD61CB382330046D7C7 /* Assets.xcassets in Resources */,
				8B960CD41CB382330046D7C7 /* Main.storyboard in Resources */,
			);
			runOnlyForDeploymentPostprocessing = 0;
		};
		8B960CDD1CB382330046D7C7 /* Resources */ = {
			isa = PBXResourcesBuildPhase;
			buildActionMask = 2147483647;
			files = (
			);
			runOnlyForDeploymentPostprocessing = 0;
		};
		8B960CE81CB382330046D7C7 /* Resources */ = {
			isa = PBXResourcesBuildPhase;
			buildActionMask = 2147483647;
			files = (
			);
			runOnlyForDeploymentPostprocessing = 0;
		};
/* End PBXResourcesBuildPhase section */

/* Begin PBXShellScriptBuildPhase section */
		2F873EF4CAFCA20DCD9EC7C5 /* Check Pods Manifest.lock */ = {
			isa = PBXShellScriptBuildPhase;
			buildActionMask = 2147483647;
			files = (
			);
			inputPaths = (
			);
			name = "Check Pods Manifest.lock";
			outputPaths = (
			);
			runOnlyForDeploymentPostprocessing = 0;
			shellPath = /bin/sh;
			shellScript = "diff \"${PODS_ROOT}/../Podfile.lock\" \"${PODS_ROOT}/Manifest.lock\" > /dev/null\nif [[ $? != 0 ]] ; then\n    cat << EOM\nerror: The sandbox is not in sync with the Podfile.lock. Run 'pod install' or update your CocoaPods installation.\nEOM\n    exit 1\nfi\n";
			showEnvVarsInLog = 0;
		};
		AA9533D2DF7F7DB2CEC4DAB4 /* Copy Pods Resources */ = {
			isa = PBXShellScriptBuildPhase;
			buildActionMask = 2147483647;
			files = (
			);
			inputPaths = (
			);
			name = "Copy Pods Resources";
			outputPaths = (
			);
			runOnlyForDeploymentPostprocessing = 0;
			shellPath = /bin/sh;
			shellScript = "\"${SRCROOT}/Pods/Target Support Files/Pods-perkwalkthrough/Pods-perkwalkthrough-resources.sh\"\n";
			showEnvVarsInLog = 0;
		};
		D406E1BBD0FB636A81FAB5A3 /* Embed Pods Frameworks */ = {
			isa = PBXShellScriptBuildPhase;
			buildActionMask = 2147483647;
			files = (
			);
			inputPaths = (
			);
			name = "Embed Pods Frameworks";
			outputPaths = (
			);
			runOnlyForDeploymentPostprocessing = 0;
			shellPath = /bin/sh;
			shellScript = "\"${SRCROOT}/Pods/Target Support Files/Pods-perkwalkthrough/Pods-perkwalkthrough-frameworks.sh\"\n";
			showEnvVarsInLog = 0;
		};
/* End PBXShellScriptBuildPhase section */

/* Begin PBXSourcesBuildPhase section */
		8B960CC21CB382330046D7C7 /* Sources */ = {
			isa = PBXSourcesBuildPhase;
			buildActionMask = 2147483647;
			files = (
				8B960CD11CB382330046D7C7 /* ViewController.m in Sources */,
				8B960CCE1CB382330046D7C7 /* AppDelegate.m in Sources */,
				8B960CFF1CB3E0580046D7C7 /* PerkWalkThrough.m in Sources */,
				8B960CCB1CB382330046D7C7 /* main.m in Sources */,
			);
			runOnlyForDeploymentPostprocessing = 0;
		};
		8B960CDB1CB382330046D7C7 /* Sources */ = {
			isa = PBXSourcesBuildPhase;
			buildActionMask = 2147483647;
			files = (
				8B960CE41CB382330046D7C7 /* perkwalkthroughTests.m in Sources */,
			);
			runOnlyForDeploymentPostprocessing = 0;
		};
		8B960CE61CB382330046D7C7 /* Sources */ = {
			isa = PBXSourcesBuildPhase;
			buildActionMask = 2147483647;
			files = (
				8B960CEF1CB382330046D7C7 /* perkwalkthroughUITests.m in Sources */,
			);
			runOnlyForDeploymentPostprocessing = 0;
		};
/* End PBXSourcesBuildPhase section */

/* Begin PBXTargetDependency section */
		8B960CE11CB382330046D7C7 /* PBXTargetDependency */ = {
			isa = PBXTargetDependency;
			target = 8B960CC51CB382330046D7C7 /* perkwalkthrough */;
			targetProxy = 8B960CE01CB382330046D7C7 /* PBXContainerItemProxy */;
		};
		8B960CEC1CB382330046D7C7 /* PBXTargetDependency */ = {
			isa = PBXTargetDependency;
			target = 8B960CC51CB382330046D7C7 /* perkwalkthrough */;
			targetProxy = 8B960CEB1CB382330046D7C7 /* PBXContainerItemProxy */;
		};
/* End PBXTargetDependency section */

/* Begin PBXVariantGroup section */
		8B960CD21CB382330046D7C7 /* Main.storyboard */ = {
			isa = PBXVariantGroup;
			children = (
				8B960CD31CB382330046D7C7 /* Base */,
			);
			name = Main.storyboard;
			sourceTree = "<group>";
		};
		8B960CD71CB382330046D7C7 /* LaunchScreen.storyboard */ = {
			isa = PBXVariantGroup;
			children = (
				8B960CD81CB382330046D7C7 /* Base */,
			);
			name = LaunchScreen.storyboard;
			sourceTree = "<group>";
		};
/* End PBXVariantGroup section */

/* Begin XCBuildConfiguration section */
		8B960CF11CB382330046D7C7 /* Debug */ = {
			isa = XCBuildConfiguration;
			buildSettings = {
				ALWAYS_SEARCH_USER_PATHS = NO;
				CLANG_ANALYZER_NONNULL = YES;
				CLANG_CXX_LANGUAGE_STANDARD = "gnu++0x";
				CLANG_CXX_LIBRARY = "libc++";
				CLANG_ENABLE_MODULES = YES;
				CLANG_ENABLE_OBJC_ARC = YES;
				CLANG_WARN_BOOL_CONVERSION = YES;
				CLANG_WARN_CONSTANT_CONVERSION = YES;
				CLANG_WARN_DIRECT_OBJC_ISA_USAGE = YES_ERROR;
				CLANG_WARN_EMPTY_BODY = YES;
				CLANG_WARN_ENUM_CONVERSION = YES;
				CLANG_WARN_INT_CONVERSION = YES;
				CLANG_WARN_OBJC_ROOT_CLASS = YES_ERROR;
				CLANG_WARN_UNREACHABLE_CODE = YES;
				CLANG_WARN__DUPLICATE_METHOD_MATCH = YES;
				"CODE_SIGN_IDENTITY[sdk=iphoneos*]" = "iPhone Developer";
				COPY_PHASE_STRIP = NO;
				DEBUG_INFORMATION_FORMAT = dwarf;
				ENABLE_STRICT_OBJC_MSGSEND = YES;
				ENABLE_TESTABILITY = YES;
				GCC_C_LANGUAGE_STANDARD = gnu99;
				GCC_DYNAMIC_NO_PIC = NO;
				GCC_NO_COMMON_BLOCKS = YES;
				GCC_OPTIMIZATION_LEVEL = 0;
				GCC_PREPROCESSOR_DEFINITIONS = (
					"DEBUG=1",
					"$(inherited)",
				);
				GCC_WARN_64_TO_32_BIT_CONVERSION = YES;
				GCC_WARN_ABOUT_RETURN_TYPE = YES_ERROR;
				GCC_WARN_UNDECLARED_SELECTOR = YES;
				GCC_WARN_UNINITIALIZED_AUTOS = YES_AGGRESSIVE;
				GCC_WARN_UNUSED_FUNCTION = YES;
				GCC_WARN_UNUSED_VARIABLE = YES;
				IPHONEOS_DEPLOYMENT_TARGET = 9.3;
				MTL_ENABLE_DEBUG_INFO = YES;
				ONLY_ACTIVE_ARCH = YES;
				SDKROOT = iphoneos;
				TARGETED_DEVICE_FAMILY = "1,2";
			};
			name = Debug;
		};
		8B960CF21CB382330046D7C7 /* Release */ = {
			isa = XCBuildConfiguration;
			buildSettings = {
				ALWAYS_SEARCH_USER_PATHS = NO;
				CLANG_ANALYZER_NONNULL = YES;
				CLANG_CXX_LANGUAGE_STANDARD = "gnu++0x";
				CLANG_CXX_LIBRARY = "libc++";
				CLANG_ENABLE_MODULES = YES;
				CLANG_ENABLE_OBJC_ARC = YES;
				CLANG_WARN_BOOL_CONVERSION = YES;
				CLANG_WARN_CONSTANT_CONVERSION = YES;
				CLANG_WARN_DIRECT_OBJC_ISA_USAGE = YES_ERROR;
				CLANG_WARN_EMPTY_BODY = YES;
				CLANG_WARN_ENUM_CONVERSION = YES;
				CLANG_WARN_INT_CONVERSION = YES;
				CLANG_WARN_OBJC_ROOT_CLASS = YES_ERROR;
				CLANG_WARN_UNREACHABLE_CODE = YES;
				CLANG_WARN__DUPLICATE_METHOD_MATCH = YES;
				"CODE_SIGN_IDENTITY[sdk=iphoneos*]" = "iPhone Developer";
				COPY_PHASE_STRIP = NO;
				DEBUG_INFORMATION_FORMAT = "dwarf-with-dsym";
				ENABLE_NS_ASSERTIONS = NO;
				ENABLE_STRICT_OBJC_MSGSEND = YES;
				GCC_C_LANGUAGE_STANDARD = gnu99;
				GCC_NO_COMMON_BLOCKS = YES;
				GCC_WARN_64_TO_32_BIT_CONVERSION = YES;
				GCC_WARN_ABOUT_RETURN_TYPE = YES_ERROR;
				GCC_WARN_UNDECLARED_SELECTOR = YES;
				GCC_WARN_UNINITIALIZED_AUTOS = YES_AGGRESSIVE;
				GCC_WARN_UNUSED_FUNCTION = YES;
				GCC_WARN_UNUSED_VARIABLE = YES;
				IPHONEOS_DEPLOYMENT_TARGET = 9.3;
				MTL_ENABLE_DEBUG_INFO = NO;
				SDKROOT = iphoneos;
				TARGETED_DEVICE_FAMILY = "1,2";
				VALIDATE_PRODUCT = YES;
			};
			name = Release;
		};
		8B960CF41CB382330046D7C7 /* Debug */ = {
			isa = XCBuildConfiguration;
			baseConfigurationReference = A3432DF40B7199B7A881C50C /* Pods-perkwalkthrough.debug.xcconfig */;
			buildSettings = {
				ASSETCATALOG_COMPILER_APPICON_NAME = AppIcon;
				CODE_SIGN_IDENTITY = "iPhone Distribution: Rebellion Media Group Corp (Q6EZAUDYBB)";
				"CODE_SIGN_IDENTITY[sdk=iphoneos*]" = "iPhone Distribution: Rebellion Media Group Corp (Q6EZAUDYBB)";
				ENABLE_BITCODE = NO;
				INFOPLIST_FILE = perkwalkthrough/Info.plist;
				LD_RUNPATH_SEARCH_PATHS = "$(inherited) @executable_path/Frameworks";
				PRODUCT_BUNDLE_IDENTIFIER = com.womistudios.perkwalkthrough;
				PRODUCT_NAME = "$(TARGET_NAME)";
				PROVISIONING_PROFILE = "3ee99bad-f924-4c11-b855-0063f2fda9d7";
			};
			name = Debug;
		};
		8B960CF51CB382330046D7C7 /* Release */ = {
			isa = XCBuildConfiguration;
			baseConfigurationReference = 25B373CAE0AA6DD3B3A71454 /* Pods-perkwalkthrough.release.xcconfig */;
			buildSettings = {
				ASSETCATALOG_COMPILER_APPICON_NAME = AppIcon;
				CODE_SIGN_IDENTITY = "iPhone Distribution: Rebellion Media Group Corp (Q6EZAUDYBB)";
				"CODE_SIGN_IDENTITY[sdk=iphoneos*]" = "iPhone Distribution: Rebellion Media Group Corp (Q6EZAUDYBB)";
				ENABLE_BITCODE = NO;
				INFOPLIST_FILE = perkwalkthrough/Info.plist;
				LD_RUNPATH_SEARCH_PATHS = "$(inherited) @executable_path/Frameworks";
				PRODUCT_BUNDLE_IDENTIFIER = com.womistudios.perkwalkthrough;
				PRODUCT_NAME = "$(TARGET_NAME)";
				PROVISIONING_PROFILE = "3ee99bad-f924-4c11-b855-0063f2fda9d7";
			};
			name = Release;
		};
		8B960CF71CB382330046D7C7 /* Debug */ = {
			isa = XCBuildConfiguration;
			buildSettings = {
				BUNDLE_LOADER = "$(TEST_HOST)";
				INFOPLIST_FILE = perkwalkthroughTests/Info.plist;
				LD_RUNPATH_SEARCH_PATHS = "$(inherited) @executable_path/Frameworks @loader_path/Frameworks";
				PRODUCT_BUNDLE_IDENTIFIER = womistudios.perkwalkthroughTests;
				PRODUCT_NAME = "$(TARGET_NAME)";
				TEST_HOST = "$(BUILT_PRODUCTS_DIR)/perkwalkthrough.app/perkwalkthrough";
			};
			name = Debug;
		};
		8B960CF81CB382330046D7C7 /* Release */ = {
			isa = XCBuildConfiguration;
			buildSettings = {
				BUNDLE_LOADER = "$(TEST_HOST)";
				INFOPLIST_FILE = perkwalkthroughTests/Info.plist;
				LD_RUNPATH_SEARCH_PATHS = "$(inherited) @executable_path/Frameworks @loader_path/Frameworks";
				PRODUCT_BUNDLE_IDENTIFIER = womistudios.perkwalkthroughTests;
				PRODUCT_NAME = "$(TARGET_NAME)";
				TEST_HOST = "$(BUILT_PRODUCTS_DIR)/perkwalkthrough.app/perkwalkthrough";
			};
			name = Release;
		};
		8B960CFA1CB382330046D7C7 /* Debug */ = {
			isa = XCBuildConfiguration;
			buildSettings = {
				INFOPLIST_FILE = perkwalkthroughUITests/Info.plist;
				LD_RUNPATH_SEARCH_PATHS = "$(inherited) @executable_path/Frameworks @loader_path/Frameworks";
				PRODUCT_BUNDLE_IDENTIFIER = womistudios.perkwalkthroughUITests;
				PRODUCT_NAME = "$(TARGET_NAME)";
				TEST_TARGET_NAME = perkwalkthrough;
			};
			name = Debug;
		};
		8B960CFB1CB382330046D7C7 /* Release */ = {
			isa = XCBuildConfiguration;
			buildSettings = {
				INFOPLIST_FILE = perkwalkthroughUITests/Info.plist;
				LD_RUNPATH_SEARCH_PATHS = "$(inherited) @executable_path/Frameworks @loader_path/Frameworks";
				PRODUCT_BUNDLE_IDENTIFIER = womistudios.perkwalkthroughUITests;
				PRODUCT_NAME = "$(TARGET_NAME)";
				TEST_TARGET_NAME = perkwalkthrough;
			};
			name = Release;
		};
/* End XCBuildConfiguration section */

/* Begin XCConfigurationList section */
		8B960CC11CB382330046D7C7 /* Build configuration list for PBXProject "perkwalkthrough" */ = {
			isa = XCConfigurationList;
			buildConfigurations = (
				8B960CF11CB382330046D7C7 /* Debug */,
				8B960CF21CB382330046D7C7 /* Release */,
			);
			defaultConfigurationIsVisible = 0;
			defaultConfigurationName = Release;
		};
		8B960CF31CB382330046D7C7 /* Build configuration list for PBXNativeTarget "perkwalkthrough" */ = {
			isa = XCConfigurationList;
			buildConfigurations = (
				8B960CF41CB382330046D7C7 /* Debug */,
				8B960CF51CB382330046D7C7 /* Release */,
			);
			defaultConfigurationIsVisible = 0;
			defaultConfigurationName = Release;
		};
		8B960CF61CB382330046D7C7 /* Build configuration list for PBXNativeTarget "perkwalkthroughTests" */ = {
			isa = XCConfigurationList;
			buildConfigurations = (
				8B960CF71CB382330046D7C7 /* Debug */,
				8B960CF81CB382330046D7C7 /* Release */,
			);
			defaultConfigurationIsVisible = 0;
			defaultConfigurationName = Release;
		};
		8B960CF91CB382330046D7C7 /* Build configuration list for PBXNativeTarget "perkwalkthroughUITests" */ = {
			isa = XCConfigurationList;
			buildConfigurations = (
				8B960CFA1CB382330046D7C7 /* Debug */,
				8B960CFB1CB382330046D7C7 /* Release */,
			);
			defaultConfigurationIsVisible = 0;
			defaultConfigurationName = Release;
		};
/* End XCConfigurationList section */
	};
	rootObject = 8B960CBE1CB382330046D7C7 /* Project object */;
}
